// !$*UTF8*$!
{
	archiveVersion = 1;
	classes = {
	};
	objectVersion = 56;
	objects = {

/* Begin PBXBuildFile section */
		BDC6A7EE2B3E3FFB00F0BD59 /* AppDelegate.swift in Sources */ = {isa = PBXBuildFile; fileRef = BDC6A7ED2B3E3FFB00F0BD59 /* AppDelegate.swift */; };
		BDC6A7F02B3E3FFB00F0BD59 /* SceneDelegate.swift in Sources */ = {isa = PBXBuildFile; fileRef = BDC6A7EF2B3E3FFB00F0BD59 /* SceneDelegate.swift */; };
		BDC6A7F22B3E3FFB00F0BD59 /* ViewController.swift in Sources */ = {isa = PBXBuildFile; fileRef = BDC6A7F12B3E3FFB00F0BD59 /* ViewController.swift */; };
		BDC6A7F52B3E3FFB00F0BD59 /* Main.storyboard in Resources */ = {isa = PBXBuildFile; fileRef = BDC6A7F32B3E3FFB00F0BD59 /* Main.storyboard */; };
		BDC6A7F72B3E3FFD00F0BD59 /* Assets.xcassets in Resources */ = {isa = PBXBuildFile; fileRef = BDC6A7F62B3E3FFD00F0BD59 /* Assets.xcassets */; };
		BDC6A7FA2B3E3FFD00F0BD59 /* LaunchScreen.storyboard in Resources */ = {isa = PBXBuildFile; fileRef = BDC6A7F82B3E3FFD00F0BD59 /* LaunchScreen.storyboard */; };
		BDC6A8022B3F178E00F0BD59 /* HomeTableViewHeader.xib in Resources */ = {isa = PBXBuildFile; fileRef = BDC6A8012B3F178E00F0BD59 /* HomeTableViewHeader.xib */; };
		BDC6A8042B3F384E00F0BD59 /* HomeTableViewHeader.swift in Sources */ = {isa = PBXBuildFile; fileRef = BDC6A8032B3F384E00F0BD59 /* HomeTableViewHeader.swift */; };
		BDC6A80D2B44DA7400F0BD59 /* ViagemTableViewCell.swift in Sources */ = {isa = PBXBuildFile; fileRef = BDC6A80B2B44DA7400F0BD59 /* ViagemTableViewCell.swift */; };
		BDC6A80E2B44DA7400F0BD59 /* ViagemTableViewCell.xib in Resources */ = {isa = PBXBuildFile; fileRef = BDC6A80C2B44DA7400F0BD59 /* ViagemTableViewCell.xib */; };
		BDC6A8112B45178B00F0BD59 /* server-response.json in Resources */ = {isa = PBXBuildFile; fileRef = BDC6A8102B45178A00F0BD59 /* server-response.json */; };
		BDC6A8132B4517D200F0BD59 /* DecodableData.swift in Sources */ = {isa = PBXBuildFile; fileRef = BDC6A8122B4517D200F0BD59 /* DecodableData.swift */; };
		BDC6A8152B4517EA00F0BD59 /* TiposDeViagens.swift in Sources */ = {isa = PBXBuildFile; fileRef = BDC6A8142B4517EA00F0BD59 /* TiposDeViagens.swift */; };
		BDC6A8172B45180200F0BD59 /* Viagem.swift in Sources */ = {isa = PBXBuildFile; fileRef = BDC6A8162B45180200F0BD59 /* Viagem.swift */; };
		BDC6A81A2B45186200F0BD59 /* UIView+Extension.swift in Sources */ = {isa = PBXBuildFile; fileRef = BDC6A8192B45186200F0BD59 /* UIView+Extension.swift */; };
		BDC6A81C2B45190A00F0BD59 /* ViagemViewModel.swift in Sources */ = {isa = PBXBuildFile; fileRef = BDC6A81B2B45190A00F0BD59 /* ViagemViewModel.swift */; };
		BDC6A81F2B451B8500F0BD59 /* ViagemDestaqueViewModel.swift in Sources */ = {isa = PBXBuildFile; fileRef = BDC6A81E2B451B8500F0BD59 /* ViagemDestaqueViewModel.swift */; };
/* End PBXBuildFile section */

/* Begin PBXFileReference section */
		BDC6A7EA2B3E3FFB00F0BD59 /* ViagensApp.app */ = {isa = PBXFileReference; explicitFileType = wrapper.application; includeInIndex = 0; path = ViagensApp.app; sourceTree = BUILT_PRODUCTS_DIR; };
		BDC6A7ED2B3E3FFB00F0BD59 /* AppDelegate.swift */ = {isa = PBXFileReference; lastKnownFileType = sourcecode.swift; path = AppDelegate.swift; sourceTree = "<group>"; };
		BDC6A7EF2B3E3FFB00F0BD59 /* SceneDelegate.swift */ = {isa = PBXFileReference; lastKnownFileType = sourcecode.swift; path = SceneDelegate.swift; sourceTree = "<group>"; };
		BDC6A7F12B3E3FFB00F0BD59 /* ViewController.swift */ = {isa = PBXFileReference; lastKnownFileType = sourcecode.swift; path = ViewController.swift; sourceTree = "<group>"; };
		BDC6A7F42B3E3FFB00F0BD59 /* Base */ = {isa = PBXFileReference; lastKnownFileType = file.storyboard; name = Base; path = Base.lproj/Main.storyboard; sourceTree = "<group>"; };
		BDC6A7F62B3E3FFD00F0BD59 /* Assets.xcassets */ = {isa = PBXFileReference; lastKnownFileType = folder.assetcatalog; path = Assets.xcassets; sourceTree = "<group>"; };
		BDC6A7F92B3E3FFD00F0BD59 /* Base */ = {isa = PBXFileReference; lastKnownFileType = file.storyboard; name = Base; path = Base.lproj/LaunchScreen.storyboard; sourceTree = "<group>"; };
		BDC6A7FB2B3E3FFD00F0BD59 /* Info.plist */ = {isa = PBXFileReference; lastKnownFileType = text.plist.xml; path = Info.plist; sourceTree = "<group>"; };
		BDC6A8012B3F178E00F0BD59 /* HomeTableViewHeader.xib */ = {isa = PBXFileReference; lastKnownFileType = file.xib; path = HomeTableViewHeader.xib; sourceTree = "<group>"; };
		BDC6A8032B3F384E00F0BD59 /* HomeTableViewHeader.swift */ = {isa = PBXFileReference; lastKnownFileType = sourcecode.swift; path = HomeTableViewHeader.swift; sourceTree = "<group>"; };
		BDC6A80B2B44DA7400F0BD59 /* ViagemTableViewCell.swift */ = {isa = PBXFileReference; lastKnownFileType = sourcecode.swift; path = ViagemTableViewCell.swift; sourceTree = "<group>"; };
		BDC6A80C2B44DA7400F0BD59 /* ViagemTableViewCell.xib */ = {isa = PBXFileReference; lastKnownFileType = file.xib; path = ViagemTableViewCell.xib; sourceTree = "<group>"; };
		BDC6A8102B45178A00F0BD59 /* server-response.json */ = {isa = PBXFileReference; fileEncoding = 4; lastKnownFileType = text.json; path = "server-response.json"; sourceTree = "<group>"; };
		BDC6A8122B4517D200F0BD59 /* DecodableData.swift */ = {isa = PBXFileReference; fileEncoding = 4; lastKnownFileType = sourcecode.swift; path = DecodableData.swift; sourceTree = "<group>"; };
		BDC6A8142B4517EA00F0BD59 /* TiposDeViagens.swift */ = {isa = PBXFileReference; fileEncoding = 4; lastKnownFileType = sourcecode.swift; path = TiposDeViagens.swift; sourceTree = "<group>"; };
		BDC6A8162B45180200F0BD59 /* Viagem.swift */ = {isa = PBXFileReference; fileEncoding = 4; lastKnownFileType = sourcecode.swift; path = Viagem.swift; sourceTree = "<group>"; };
		BDC6A8192B45186200F0BD59 /* UIView+Extension.swift */ = {isa = PBXFileReference; fileEncoding = 4; lastKnownFileType = sourcecode.swift; path = "UIView+Extension.swift"; sourceTree = "<group>"; };
		BDC6A81B2B45190A00F0BD59 /* ViagemViewModel.swift */ = {isa = PBXFileReference; lastKnownFileType = sourcecode.swift; path = ViagemViewModel.swift; sourceTree = "<group>"; };
		BDC6A81E2B451B8500F0BD59 /* ViagemDestaqueViewModel.swift */ = {isa = PBXFileReference; lastKnownFileType = sourcecode.swift; path = ViagemDestaqueViewModel.swift; sourceTree = "<group>"; };
/* End PBXFileReference section */

/* Begin PBXFrameworksBuildPhase section */
		BDC6A7E72B3E3FFB00F0BD59 /* Frameworks */ = {
			isa = PBXFrameworksBuildPhase;
			buildActionMask = 2147483647;
			files = (
			);
			runOnlyForDeploymentPostprocessing = 0;
		};
/* End PBXFrameworksBuildPhase section */

/* Begin PBXGroup section */
		BDC6A7E12B3E3FFB00F0BD59 = {
			isa = PBXGroup;
			children = (
				BDC6A7EC2B3E3FFB00F0BD59 /* ViagensApp */,
				BDC6A7EB2B3E3FFB00F0BD59 /* Products */,
			);
			sourceTree = "<group>";
		};
		BDC6A7EB2B3E3FFB00F0BD59 /* Products */ = {
			isa = PBXGroup;
			children = (
				BDC6A7EA2B3E3FFB00F0BD59 /* ViagensApp.app */,
			);
			name = Products;
			sourceTree = "<group>";
		};
		BDC6A7EC2B3E3FFB00F0BD59 /* ViagensApp */ = {
			isa = PBXGroup;
			children = (
				BDC6A8052B44BF3B00F0BD59 /* AppDelegate */,
				BDC6A8062B44BF8200F0BD59 /* Model */,
				BDC6A8072B44BFDB00F0BD59 /* View */,
				BDC6A8092B44C0AA00F0BD59 /* ViewModel */,
				BDC6A80F2B4516CE00F0BD59 /* Mock */,
				BDC6A8182B45182200F0BD59 /* Extensions */,
				BDC6A7FB2B3E3FFD00F0BD59 /* Info.plist */,
				BDC6A7F82B3E3FFD00F0BD59 /* LaunchScreen.storyboard */,
				BDC6A7F62B3E3FFD00F0BD59 /* Assets.xcassets */,
			);
			path = ViagensApp;
			sourceTree = "<group>";
		};
		BDC6A8052B44BF3B00F0BD59 /* AppDelegate */ = {
			isa = PBXGroup;
			children = (
				BDC6A7EF2B3E3FFB00F0BD59 /* SceneDelegate.swift */,
				BDC6A7ED2B3E3FFB00F0BD59 /* AppDelegate.swift */,
			);
			path = AppDelegate;
			sourceTree = "<group>";
		};
		BDC6A8062B44BF8200F0BD59 /* Model */ = {
			isa = PBXGroup;
			children = (
				BDC6A8162B45180200F0BD59 /* Viagem.swift */,
				BDC6A8142B4517EA00F0BD59 /* TiposDeViagens.swift */,
				BDC6A8122B4517D200F0BD59 /* DecodableData.swift */,
			);
			path = Model;
			sourceTree = "<group>";
		};
		BDC6A8072B44BFDB00F0BD59 /* View */ = {
			isa = PBXGroup;
			children = (
				BDC6A7F12B3E3FFB00F0BD59 /* ViewController.swift */,
				BDC6A7F32B3E3FFB00F0BD59 /* Main.storyboard */,
				BDC6A8082B44C04500F0BD59 /* Header  */,
				BDC6A80A2B44D98F00F0BD59 /* Cells */,
			);
			path = View;
			sourceTree = "<group>";
		};
		BDC6A8082B44C04500F0BD59 /* Header  */ = {
			isa = PBXGroup;
			children = (
				BDC6A8012B3F178E00F0BD59 /* HomeTableViewHeader.xib */,
				BDC6A8032B3F384E00F0BD59 /* HomeTableViewHeader.swift */,
			);
			path = "Header ";
			sourceTree = "<group>";
		};
		BDC6A8092B44C0AA00F0BD59 /* ViewModel */ = {
			isa = PBXGroup;
			children = (
				BDC6A81B2B45190A00F0BD59 /* ViagemViewModel.swift */,
				BDC6A81E2B451B8500F0BD59 /* ViagemDestaqueViewModel.swift */,
			);
			path = ViewModel;
			sourceTree = "<group>";
		};
		BDC6A80A2B44D98F00F0BD59 /* Cells */ = {
			isa = PBXGroup;
			children = (
				BDC6A80B2B44DA7400F0BD59 /* ViagemTableViewCell.swift */,
				BDC6A80C2B44DA7400F0BD59 /* ViagemTableViewCell.xib */,
			);
			path = Cells;
			sourceTree = "<group>";
		};
		BDC6A80F2B4516CE00F0BD59 /* Mock */ = {
			isa = PBXGroup;
			children = (
				BDC6A8102B45178A00F0BD59 /* server-response.json */,
			);
			path = Mock;
			sourceTree = "<group>";
		};
		BDC6A8182B45182200F0BD59 /* Extensions */ = {
			isa = PBXGroup;
			children = (
				BDC6A8192B45186200F0BD59 /* UIView+Extension.swift */,
			);
			path = Extensions;
			sourceTree = "<group>";
		};
/* End PBXGroup section */

/* Begin PBXNativeTarget section */
		BDC6A7E92B3E3FFB00F0BD59 /* ViagensApp */ = {
			isa = PBXNativeTarget;
			buildConfigurationList = BDC6A7FE2B3E3FFD00F0BD59 /* Build configuration list for PBXNativeTarget "ViagensApp" */;
			buildPhases = (
				BDC6A7E62B3E3FFB00F0BD59 /* Sources */,
				BDC6A7E72B3E3FFB00F0BD59 /* Frameworks */,
				BDC6A7E82B3E3FFB00F0BD59 /* Resources */,
			);
			buildRules = (
			);
			dependencies = (
			);
			name = ViagensApp;
			productName = ViagensApp;
			productReference = BDC6A7EA2B3E3FFB00F0BD59 /* ViagensApp.app */;
			productType = "com.apple.product-type.application";
		};
/* End PBXNativeTarget section */

/* Begin PBXProject section */
		BDC6A7E22B3E3FFB00F0BD59 /* Project object */ = {
			isa = PBXProject;
			attributes = {
				BuildIndependentTargetsInParallel = 1;
				LastSwiftUpdateCheck = 1500;
				LastUpgradeCheck = 1500;
				TargetAttributes = {
					BDC6A7E92B3E3FFB00F0BD59 = {
						CreatedOnToolsVersion = 15.0;
					};
				};
			};
			buildConfigurationList = BDC6A7E52B3E3FFB00F0BD59 /* Build configuration list for PBXProject "ViagensApp" */;
			compatibilityVersion = "Xcode 14.0";
			developmentRegion = en;
			hasScannedForEncodings = 0;
			knownRegions = (
				en,
				Base,
			);
			mainGroup = BDC6A7E12B3E3FFB00F0BD59;
			productRefGroup = BDC6A7EB2B3E3FFB00F0BD59 /* Products */;
			projectDirPath = "";
			projectRoot = "";
			targets = (
				BDC6A7E92B3E3FFB00F0BD59 /* ViagensApp */,
			);
		};
/* End PBXProject section */

/* Begin PBXResourcesBuildPhase section */
		BDC6A7E82B3E3FFB00F0BD59 /* Resources */ = {
			isa = PBXResourcesBuildPhase;
			buildActionMask = 2147483647;
			files = (
				BDC6A7FA2B3E3FFD00F0BD59 /* LaunchScreen.storyboard in Resources */,
				BDC6A8112B45178B00F0BD59 /* server-response.json in Resources */,
				BDC6A8022B3F178E00F0BD59 /* HomeTableViewHeader.xib in Resources */,
				BDC6A7F72B3E3FFD00F0BD59 /* Assets.xcassets in Resources */,
				BDC6A7F52B3E3FFB00F0BD59 /* Main.storyboard in Resources */,
				BDC6A80E2B44DA7400F0BD59 /* ViagemTableViewCell.xib in Resources */,
			);
			runOnlyForDeploymentPostprocessing = 0;
		};
/* End PBXResourcesBuildPhase section */

/* Begin PBXSourcesBuildPhase section */
		BDC6A7E62B3E3FFB00F0BD59 /* Sources */ = {
			isa = PBXSourcesBuildPhase;
			buildActionMask = 2147483647;
			files = (
				BDC6A8172B45180200F0BD59 /* Viagem.swift in Sources */,
				BDC6A7F22B3E3FFB00F0BD59 /* ViewController.swift in Sources */,
				BDC6A80D2B44DA7400F0BD59 /* ViagemTableViewCell.swift in Sources */,
				BDC6A81A2B45186200F0BD59 /* UIView+Extension.swift in Sources */,
				BDC6A8152B4517EA00F0BD59 /* TiposDeViagens.swift in Sources */,
				BDC6A8042B3F384E00F0BD59 /* HomeTableViewHeader.swift in Sources */,
				BDC6A8132B4517D200F0BD59 /* DecodableData.swift in Sources */,
				BDC6A7EE2B3E3FFB00F0BD59 /* AppDelegate.swift in Sources */,
				BDC6A7F02B3E3FFB00F0BD59 /* SceneDelegate.swift in Sources */,
				BDC6A81C2B45190A00F0BD59 /* ViagemViewModel.swift in Sources */,
				BDC6A81F2B451B8500F0BD59 /* ViagemDestaqueViewModel.swift in Sources */,
			);
			runOnlyForDeploymentPostprocessing = 0;
		};
/* End PBXSourcesBuildPhase section */

/* Begin PBXVariantGroup section */
		BDC6A7F32B3E3FFB00F0BD59 /* Main.storyboard */ = {
			isa = PBXVariantGroup;
			children = (
				BDC6A7F42B3E3FFB00F0BD59 /* Base */,
			);
			name = Main.storyboard;
			sourceTree = "<group>";
		};
		BDC6A7F82B3E3FFD00F0BD59 /* LaunchScreen.storyboard */ = {
			isa = PBXVariantGroup;
			children = (
				BDC6A7F92B3E3FFD00F0BD59 /* Base */,
			);
			name = LaunchScreen.storyboard;
			sourceTree = "<group>";
		};
/* End PBXVariantGroup section */

/* Begin XCBuildConfiguration section */
		BDC6A7FC2B3E3FFD00F0BD59 /* Debug */ = {
			isa = XCBuildConfiguration;
			buildSettings = {
				ALWAYS_SEARCH_USER_PATHS = NO;
				ASSETCATALOG_COMPILER_GENERATE_SWIFT_ASSET_SYMBOL_EXTENSIONS = YES;
				CLANG_ANALYZER_NONNULL = YES;
				CLANG_ANALYZER_NUMBER_OBJECT_CONVERSION = YES_AGGRESSIVE;
				CLANG_CXX_LANGUAGE_STANDARD = "gnu++20";
				CLANG_ENABLE_MODULES = YES;
				CLANG_ENABLE_OBJC_ARC = YES;
				CLANG_ENABLE_OBJC_WEAK = YES;
				CLANG_WARN_BLOCK_CAPTURE_AUTORELEASING = YES;
				CLANG_WARN_BOOL_CONVERSION = YES;
				CLANG_WARN_COMMA = YES;
				CLANG_WARN_CONSTANT_CONVERSION = YES;
				CLANG_WARN_DEPRECATED_OBJC_IMPLEMENTATIONS = YES;
				CLANG_WARN_DIRECT_OBJC_ISA_USAGE = YES_ERROR;
				CLANG_WARN_DOCUMENTATION_COMMENTS = YES;
				CLANG_WARN_EMPTY_BODY = YES;
				CLANG_WARN_ENUM_CONVERSION = YES;
				CLANG_WARN_INFINITE_RECURSION = YES;
				CLANG_WARN_INT_CONVERSION = YES;
				CLANG_WARN_NON_LITERAL_NULL_CONVERSION = YES;
				CLANG_WARN_OBJC_IMPLICIT_RETAIN_SELF = YES;
				CLANG_WARN_OBJC_LITERAL_CONVERSION = YES;
				CLANG_WARN_OBJC_ROOT_CLASS = YES_ERROR;
				CLANG_WARN_QUOTED_INCLUDE_IN_FRAMEWORK_HEADER = YES;
				CLANG_WARN_RANGE_LOOP_ANALYSIS = YES;
				CLANG_WARN_STRICT_PROTOTYPES = YES;
				CLANG_WARN_SUSPICIOUS_MOVE = YES;
				CLANG_WARN_UNGUARDED_AVAILABILITY = YES_AGGRESSIVE;
				CLANG_WARN_UNREACHABLE_CODE = YES;
				CLANG_WARN__DUPLICATE_METHOD_MATCH = YES;
				COPY_PHASE_STRIP = NO;
				DEBUG_INFORMATION_FORMAT = dwarf;
				ENABLE_STRICT_OBJC_MSGSEND = YES;
				ENABLE_TESTABILITY = YES;
				ENABLE_USER_SCRIPT_SANDBOXING = YES;
				GCC_C_LANGUAGE_STANDARD = gnu17;
				GCC_DYNAMIC_NO_PIC = NO;
				GCC_NO_COMMON_BLOCKS = YES;
				GCC_OPTIMIZATION_LEVEL = 0;
				GCC_PREPROCESSOR_DEFINITIONS = (
					"DEBUG=1",
					"$(inherited)",
				);
				GCC_WARN_64_TO_32_BIT_CONVERSION = YES;
				GCC_WARN_ABOUT_RETURN_TYPE = YES_ERROR;
				GCC_WARN_UNDECLARED_SELECTOR = YES;
				GCC_WARN_UNINITIALIZED_AUTOS = YES_AGGRESSIVE;
				GCC_WARN_UNUSED_FUNCTION = YES;
				GCC_WARN_UNUSED_VARIABLE = YES;
				IPHONEOS_DEPLOYMENT_TARGET = 17.0;
				LOCALIZATION_PREFERS_STRING_CATALOGS = YES;
				MTL_ENABLE_DEBUG_INFO = INCLUDE_SOURCE;
				MTL_FAST_MATH = YES;
				ONLY_ACTIVE_ARCH = YES;
				SDKROOT = iphoneos;
				SWIFT_ACTIVE_COMPILATION_CONDITIONS = "DEBUG $(inherited)";
				SWIFT_OPTIMIZATION_LEVEL = "-Onone";
			};
			name = Debug;
		};
		BDC6A7FD2B3E3FFD00F0BD59 /* Release */ = {
			isa = XCBuildConfiguration;
			buildSettings = {
				ALWAYS_SEARCH_USER_PATHS = NO;
				ASSETCATALOG_COMPILER_GENERATE_SWIFT_ASSET_SYMBOL_EXTENSIONS = YES;
				CLANG_ANALYZER_NONNULL = YES;
				CLANG_ANALYZER_NUMBER_OBJECT_CONVERSION = YES_AGGRESSIVE;
				CLANG_CXX_LANGUAGE_STANDARD = "gnu++20";
				CLANG_ENABLE_MODULES = YES;
				CLANG_ENABLE_OBJC_ARC = YES;
				CLANG_ENABLE_OBJC_WEAK = YES;
				CLANG_WARN_BLOCK_CAPTURE_AUTORELEASING = YES;
				CLANG_WARN_BOOL_CONVERSION = YES;
				CLANG_WARN_COMMA = YES;
				CLANG_WARN_CONSTANT_CONVERSION = YES;
				CLANG_WARN_DEPRECATED_OBJC_IMPLEMENTATIONS = YES;
				CLANG_WARN_DIRECT_OBJC_ISA_USAGE = YES_ERROR;
				CLANG_WARN_DOCUMENTATION_COMMENTS = YES;
				CLANG_WARN_EMPTY_BODY = YES;
				CLANG_WARN_ENUM_CONVERSION = YES;
				CLANG_WARN_INFINITE_RECURSION = YES;
				CLANG_WARN_INT_CONVERSION = YES;
				CLANG_WARN_NON_LITERAL_NULL_CONVERSION = YES;
				CLANG_WARN_OBJC_IMPLICIT_RETAIN_SELF = YES;
				CLANG_WARN_OBJC_LITERAL_CONVERSION = YES;
				CLANG_WARN_OBJC_ROOT_CLASS = YES_ERROR;
				CLANG_WARN_QUOTED_INCLUDE_IN_FRAMEWORK_HEADER = YES;
				CLANG_WARN_RANGE_LOOP_ANALYSIS = YES;
				CLANG_WARN_STRICT_PROTOTYPES = YES;
				CLANG_WARN_SUSPICIOUS_MOVE = YES;
				CLANG_WARN_UNGUARDED_AVAILABILITY = YES_AGGRESSIVE;
				CLANG_WARN_UNREACHABLE_CODE = YES;
				CLANG_WARN__DUPLICATE_METHOD_MATCH = YES;
				COPY_PHASE_STRIP = NO;
				DEBUG_INFORMATION_FORMAT = "dwarf-with-dsym";
				ENABLE_NS_ASSERTIONS = NO;
				ENABLE_STRICT_OBJC_MSGSEND = YES;
				ENABLE_USER_SCRIPT_SANDBOXING = YES;
				GCC_C_LANGUAGE_STANDARD = gnu17;
				GCC_NO_COMMON_BLOCKS = YES;
				GCC_WARN_64_TO_32_BIT_CONVERSION = YES;
				GCC_WARN_ABOUT_RETURN_TYPE = YES_ERROR;
				GCC_WARN_UNDECLARED_SELECTOR = YES;
				GCC_WARN_UNINITIALIZED_AUTOS = YES_AGGRESSIVE;
				GCC_WARN_UNUSED_FUNCTION = YES;
				GCC_WARN_UNUSED_VARIABLE = YES;
				IPHONEOS_DEPLOYMENT_TARGET = 17.0;
				LOCALIZATION_PREFERS_STRING_CATALOGS = YES;
				MTL_ENABLE_DEBUG_INFO = NO;
				MTL_FAST_MATH = YES;
				SDKROOT = iphoneos;
				SWIFT_COMPILATION_MODE = wholemodule;
				VALIDATE_PRODUCT = YES;
			};
			name = Release;
		};
		BDC6A7FF2B3E3FFD00F0BD59 /* Debug */ = {
			isa = XCBuildConfiguration;
			buildSettings = {
				ASSETCATALOG_COMPILER_APPICON_NAME = AppIcon;
				ASSETCATALOG_COMPILER_GLOBAL_ACCENT_COLOR_NAME = AccentColor;
				CODE_SIGN_STYLE = Automatic;
				CURRENT_PROJECT_VERSION = 1;
				DEVELOPMENT_TEAM = VG5M592NA9;
				GENERATE_INFOPLIST_FILE = YES;
				INFOPLIST_FILE = ViagensApp/Info.plist;
				INFOPLIST_KEY_UIApplicationSupportsIndirectInputEvents = YES;
				INFOPLIST_KEY_UILaunchStoryboardName = LaunchScreen;
				INFOPLIST_KEY_UIMainStoryboardFile = Main;
				INFOPLIST_KEY_UISupportedInterfaceOrientations_iPad = "UIInterfaceOrientationPortrait UIInterfaceOrientationPortraitUpsideDown UIInterfaceOrientationLandscapeLeft UIInterfaceOrientationLandscapeRight";
				INFOPLIST_KEY_UISupportedInterfaceOrientations_iPhone = "UIInterfaceOrientationPortrait UIInterfaceOrientationLandscapeLeft UIInterfaceOrientationLandscapeRight";
				LD_RUNPATH_SEARCH_PATHS = (
					"$(inherited)",
					"@executable_path/Frameworks",
				);
				MARKETING_VERSION = 1.0;
				PRODUCT_BUNDLE_IDENTIFIER = com.pedro.ViagensApp;
				PRODUCT_NAME = "$(TARGET_NAME)";
				SWIFT_EMIT_LOC_STRINGS = YES;
				SWIFT_VERSION = 5.0;
				TARGETED_DEVICE_FAMILY = "1,2";
			};
			name = Debug;
		};
		BDC6A8002B3E3FFD00F0BD59 /* Release */ = {
			isa = XCBuildConfiguration;
			buildSettings = {
				ASSETCATALOG_COMPILER_APPICON_NAME = AppIcon;
				ASSETCATALOG_COMPILER_GLOBAL_ACCENT_COLOR_NAME = AccentColor;
				CODE_SIGN_STYLE = Automatic;
				CURRENT_PROJECT_VERSION = 1;
				DEVELOPMENT_TEAM = VG5M592NA9;
				GENERATE_INFOPLIST_FILE = YES;
				INFOPLIST_FILE = ViagensApp/Info.plist;
				INFOPLIST_KEY_UIApplicationSupportsIndirectInputEvents = YES;
				INFOPLIST_KEY_UILaunchStoryboardName = LaunchScreen;
				INFOPLIST_KEY_UIMainStoryboardFile = Main;
				INFOPLIST_KEY_UISupportedInterfaceOrientations_iPad = "UIInterfaceOrientationPortrait UIInterfaceOrientationPortraitUpsideDown UIInterfaceOrientationLandscapeLeft UIInterfaceOrientationLandscapeRight";
				INFOPLIST_KEY_UISupportedInterfaceOrientations_iPhone = "UIInterfaceOrientationPortrait UIInterfaceOrientationLandscapeLeft UIInterfaceOrientationLandscapeRight";
				LD_RUNPATH_SEARCH_PATHS = (
					"$(inherited)",
					"@executable_path/Frameworks",
				);
				MARKETING_VERSION = 1.0;
				PRODUCT_BUNDLE_IDENTIFIER = com.pedro.ViagensApp;
				PRODUCT_NAME = "$(TARGET_NAME)";
				SWIFT_EMIT_LOC_STRINGS = YES;
				SWIFT_VERSION = 5.0;
				TARGETED_DEVICE_FAMILY = "1,2";
			};
			name = Release;
		};
/* End XCBuildConfiguration section */

/* Begin XCConfigurationList section */
		BDC6A7E52B3E3FFB00F0BD59 /* Build configuration list for PBXProject "ViagensApp" */ = {
			isa = XCConfigurationList;
			buildConfigurations = (
				BDC6A7FC2B3E3FFD00F0BD59 /* Debug */,
				BDC6A7FD2B3E3FFD00F0BD59 /* Release */,
			);
			defaultConfigurationIsVisible = 0;
			defaultConfigurationName = Release;
		};
		BDC6A7FE2B3E3FFD00F0BD59 /* Build configuration list for PBXNativeTarget "ViagensApp" */ = {
			isa = XCConfigurationList;
			buildConfigurations = (
				BDC6A7FF2B3E3FFD00F0BD59 /* Debug */,
				BDC6A8002B3E3FFD00F0BD59 /* Release */,
			);
			defaultConfigurationIsVisible = 0;
			defaultConfigurationName = Release;
		};
/* End XCConfigurationList section */
	};
	rootObject = BDC6A7E22B3E3FFB00F0BD59 /* Project object */;
}
